
Microsoft Visual Studio Solution File, Format Version 12.00
# Visual Studio 15
VisualStudioVersion = 15.0.27428.2043
MinimumVisualStudioVersion = 10.0.40219.1
Project("{FAE04EC0-301F-11D3-BF4B-00C04F79EFBC}") = "ConsoleUI", "ConsoleUI\ConsoleUI.csproj", "{75A02589-C0AD-41EC-99A9-57E3F15D10A6}"
EndProject
Global
	GlobalSection(SolutionConfigurationPlatforms) = preSolution
		Debug|Any CPU = Debug|Any CPU
		Release|Any CPU = Release|Any CPU
	EndGlobalSection
	GlobalSection(ProjectConfigurationPlatforms) = postSolution
		{75A02589-C0AD-41EC-99A9-57E3F15D10A6}.Debug|Any CPU.ActiveCfg = Debug|Any CPU
		{75A02589-C0AD-41EC-99A9-57E3F15D10A6}.Debug|Any CPU.Build.0 = Debug|Any CPU
		{75A02589-C0AD-41EC-99A9-57E3F15D10A6}.Release|Any CPU.ActiveCfg = Release|Any CPU
		{75A02589-C0AD-41EC-99A9-57E3F15D10A6}.Release|Any CPU.Build.0 = Release|Any CPU
	EndGlobalSection
	GlobalSection(SolutionProperties) = preSolution
		HideSolutionNode = FALSE
	EndGlobalSection
	GlobalSection(ExtensibilityGlobals) = postSolution
		SolutionGuid = {726431DF-1279-49CF-9FC0-179985E8AD28}
	EndGlobalSection
EndGlobal
