
Microsoft Visual Studio Solution File, Format Version 12.00
# Visual Studio Version 16
VisualStudioVersion = 16.0.30907.101
MinimumVisualStudioVersion = 10.0.40219.1
Project("{FAE04EC0-301F-11D3-BF4B-00C04F79EFBC}") = "DisplayContext", "DisplayContext\DisplayContext.csproj", "{B1EB70E5-B601-4C25-A6BE-802A35954671}"
EndProject
Global
	GlobalSection(SolutionConfigurationPlatforms) = preSolution
		Debug|Any CPU = Debug|Any CPU
		Release|Any CPU = Release|Any CPU
	EndGlobalSection
	GlobalSection(ProjectConfigurationPlatforms) = postSolution
		{B1EB70E5-B601-4C25-A6BE-802A35954671}.Debug|Any CPU.ActiveCfg = Debug|Any CPU
		{B1EB70E5-B601-4C25-A6BE-802A35954671}.Debug|Any CPU.Build.0 = Debug|Any CPU
		{B1EB70E5-B601-4C25-A6BE-802A35954671}.Release|Any CPU.ActiveCfg = Release|Any CPU
		{B1EB70E5-B601-4C25-A6BE-802A35954671}.Release|Any CPU.Build.0 = Release|Any CPU
	EndGlobalSection
	GlobalSection(SolutionProperties) = preSolution
		HideSolutionNode = FALSE
	EndGlobalSection
	GlobalSection(ExtensibilityGlobals) = postSolution
		SolutionGuid = {96860D20-DBD2-468B-B8D8-40F2AC5C5AE1}
	EndGlobalSection
EndGlobal
