
Microsoft Visual Studio Solution File, Format Version 12.00
# Visual Studio Version 16
VisualStudioVersion = 16.0.30907.101
MinimumVisualStudioVersion = 10.0.40219.1
Project("{FAE04EC0-301F-11D3-BF4B-00C04F79EFBC}") = "Employee", "Employee\Employee.csproj", "{FB890F18-3067-40B1-8695-68E5D57C3082}"
EndProject
Global
	GlobalSection(SolutionConfigurationPlatforms) = preSolution
		Debug|Any CPU = Debug|Any CPU
		Release|Any CPU = Release|Any CPU
	EndGlobalSection
	GlobalSection(ProjectConfigurationPlatforms) = postSolution
		{FB890F18-3067-40B1-8695-68E5D57C3082}.Debug|Any CPU.ActiveCfg = Debug|Any CPU
		{FB890F18-3067-40B1-8695-68E5D57C3082}.Debug|Any CPU.Build.0 = Debug|Any CPU
		{FB890F18-3067-40B1-8695-68E5D57C3082}.Release|Any CPU.ActiveCfg = Release|Any CPU
		{FB890F18-3067-40B1-8695-68E5D57C3082}.Release|Any CPU.Build.0 = Release|Any CPU
	EndGlobalSection
	GlobalSection(SolutionProperties) = preSolution
		HideSolutionNode = FALSE
	EndGlobalSection
	GlobalSection(ExtensibilityGlobals) = postSolution
		SolutionGuid = {F66202E4-BDE4-4452-9336-2B45DD5742BF}
	EndGlobalSection
EndGlobal
